// !$*UTF8*$!
{
	archiveVersion = 1;
	classes = {
	};
	objectVersion = 50;
	objects = {

/* Begin PBXBuildFile section */
		5DC3642222D56CD20078F2FC /* AppDelegate.swift in Sources */ = {isa = PBXBuildFile; fileRef = 5DC3642122D56CD20078F2FC /* AppDelegate.swift */; };
		5DC3642422D56CD20078F2FC /* ViewController.swift in Sources */ = {isa = PBXBuildFile; fileRef = 5DC3642322D56CD20078F2FC /* ViewController.swift */; };
		5DC3642722D56CD20078F2FC /* Main.storyboard in Resources */ = {isa = PBXBuildFile; fileRef = 5DC3642522D56CD20078F2FC /* Main.storyboard */; };
		5DC3642922D56CD40078F2FC /* Assets.xcassets in Resources */ = {isa = PBXBuildFile; fileRef = 5DC3642822D56CD40078F2FC /* Assets.xcassets */; };
		5DC3642C22D56CD40078F2FC /* LaunchScreen.storyboard in Resources */ = {isa = PBXBuildFile; fileRef = 5DC3642A22D56CD40078F2FC /* LaunchScreen.storyboard */; };
		5DC3643722D56CD40078F2FC /* Easy_CalculatorTests.swift in Sources */ = {isa = PBXBuildFile; fileRef = 5DC3643622D56CD40078F2FC /* Easy_CalculatorTests.swift */; };
		5DC3644222D56CD40078F2FC /* Easy_CalculatorUITests.swift in Sources */ = {isa = PBXBuildFile; fileRef = 5DC3644122D56CD40078F2FC /* Easy_CalculatorUITests.swift */; };
/* End PBXBuildFile section */

/* Begin PBXContainerItemProxy section */
		5DC3643322D56CD40078F2FC /* PBXContainerItemProxy */ = {
			isa = PBXContainerItemProxy;
			containerPortal = 5DC3641622D56CD20078F2FC /* Project object */;
			proxyType = 1;
			remoteGlobalIDString = 5DC3641D22D56CD20078F2FC;
			remoteInfo = "Easy Calculator";
		};
		5DC3643E22D56CD40078F2FC /* PBXContainerItemProxy */ = {
			isa = PBXContainerItemProxy;
			containerPortal = 5DC3641622D56CD20078F2FC /* Project object */;
			proxyType = 1;
			remoteGlobalIDString = 5DC3641D22D56CD20078F2FC;
			remoteInfo = "Easy Calculator";
		};
/* End PBXContainerItemProxy section */

/* Begin PBXFileReference section */
		5DC3641E22D56CD20078F2FC /* Easy Calculator.app */ = {isa = PBXFileReference; explicitFileType = wrapper.application; includeInIndex = 0; path = "Easy Calculator.app"; sourceTree = BUILT_PRODUCTS_DIR; };
		5DC3642122D56CD20078F2FC /* AppDelegate.swift */ = {isa = PBXFileReference; lastKnownFileType = sourcecode.swift; path = AppDelegate.swift; sourceTree = "<group>"; };
		5DC3642322D56CD20078F2FC /* ViewController.swift */ = {isa = PBXFileReference; lastKnownFileType = sourcecode.swift; path = ViewController.swift; sourceTree = "<group>"; };
		5DC3642622D56CD20078F2FC /* Base */ = {isa = PBXFileReference; lastKnownFileType = file.storyboard; name = Base; path = Base.lproj/Main.storyboard; sourceTree = "<group>"; };
		5DC3642822D56CD40078F2FC /* Assets.xcassets */ = {isa = PBXFileReference; lastKnownFileType = folder.assetcatalog; path = Assets.xcassets; sourceTree = "<group>"; };
		5DC3642B22D56CD40078F2FC /* Base */ = {isa = PBXFileReference; lastKnownFileType = file.storyboard; name = Base; path = Base.lproj/LaunchScreen.storyboard; sourceTree = "<group>"; };
		5DC3642D22D56CD40078F2FC /* Info.plist */ = {isa = PBXFileReference; lastKnownFileType = text.plist.xml; path = Info.plist; sourceTree = "<group>"; };
		5DC3643222D56CD40078F2FC /* Easy CalculatorTests.xctest */ = {isa = PBXFileReference; explicitFileType = wrapper.cfbundle; includeInIndex = 0; path = "Easy CalculatorTests.xctest"; sourceTree = BUILT_PRODUCTS_DIR; };
		5DC3643622D56CD40078F2FC /* Easy_CalculatorTests.swift */ = {isa = PBXFileReference; lastKnownFileType = sourcecode.swift; path = Easy_CalculatorTests.swift; sourceTree = "<group>"; };
		5DC3643822D56CD40078F2FC /* Info.plist */ = {isa = PBXFileReference; lastKnownFileType = text.plist.xml; path = Info.plist; sourceTree = "<group>"; };
		5DC3643D22D56CD40078F2FC /* Easy CalculatorUITests.xctest */ = {isa = PBXFileReference; explicitFileType = wrapper.cfbundle; includeInIndex = 0; path = "Easy CalculatorUITests.xctest"; sourceTree = BUILT_PRODUCTS_DIR; };
		5DC3644122D56CD40078F2FC /* Easy_CalculatorUITests.swift */ = {isa = PBXFileReference; lastKnownFileType = sourcecode.swift; path = Easy_CalculatorUITests.swift; sourceTree = "<group>"; };
		5DC3644322D56CD50078F2FC /* Info.plist */ = {isa = PBXFileReference; lastKnownFileType = text.plist.xml; path = Info.plist; sourceTree = "<group>"; };
/* End PBXFileReference section */

/* Begin PBXFrameworksBuildPhase section */
		5DC3641B22D56CD20078F2FC /* Frameworks */ = {
			isa = PBXFrameworksBuildPhase;
			buildActionMask = 2147483647;
			files = (
			);
			runOnlyForDeploymentPostprocessing = 0;
		};
		5DC3642F22D56CD40078F2FC /* Frameworks */ = {
			isa = PBXFrameworksBuildPhase;
			buildActionMask = 2147483647;
			files = (
			);
			runOnlyForDeploymentPostprocessing = 0;
		};
		5DC3643A22D56CD40078F2FC /* Frameworks */ = {
			isa = PBXFrameworksBuildPhase;
			buildActionMask = 2147483647;
			files = (
			);
			runOnlyForDeploymentPostprocessing = 0;
		};
/* End PBXFrameworksBuildPhase section */

/* Begin PBXGroup section */
		5DC3641522D56CD20078F2FC = {
			isa = PBXGroup;
			children = (
				5DC3642022D56CD20078F2FC /* Easy Calculator */,
				5DC3643522D56CD40078F2FC /* Easy CalculatorTests */,
				5DC3644022D56CD40078F2FC /* Easy CalculatorUITests */,
				5DC3641F22D56CD20078F2FC /* Products */,
			);
			sourceTree = "<group>";
		};
		5DC3641F22D56CD20078F2FC /* Products */ = {
			isa = PBXGroup;
			children = (
				5DC3641E22D56CD20078F2FC /* Easy Calculator.app */,
				5DC3643222D56CD40078F2FC /* Easy CalculatorTests.xctest */,
				5DC3643D22D56CD40078F2FC /* Easy CalculatorUITests.xctest */,
			);
			name = Products;
			sourceTree = "<group>";
		};
		5DC3642022D56CD20078F2FC /* Easy Calculator */ = {
			isa = PBXGroup;
			children = (
				5DC3642122D56CD20078F2FC /* AppDelegate.swift */,
				5DC3642322D56CD20078F2FC /* ViewController.swift */,
				5DC3642522D56CD20078F2FC /* Main.storyboard */,
				5DC3642822D56CD40078F2FC /* Assets.xcassets */,
				5DC3642A22D56CD40078F2FC /* LaunchScreen.storyboard */,
				5DC3642D22D56CD40078F2FC /* Info.plist */,
			);
			path = "Easy Calculator";
			sourceTree = "<group>";
		};
		5DC3643522D56CD40078F2FC /* Easy CalculatorTests */ = {
			isa = PBXGroup;
			children = (
				5DC3643622D56CD40078F2FC /* Easy_CalculatorTests.swift */,
				5DC3643822D56CD40078F2FC /* Info.plist */,
			);
			path = "Easy CalculatorTests";
			sourceTree = "<group>";
		};
		5DC3644022D56CD40078F2FC /* Easy CalculatorUITests */ = {
			isa = PBXGroup;
			children = (
				5DC3644122D56CD40078F2FC /* Easy_CalculatorUITests.swift */,
				5DC3644322D56CD50078F2FC /* Info.plist */,
			);
			path = "Easy CalculatorUITests";
			sourceTree = "<group>";
		};
/* End PBXGroup section */

/* Begin PBXNativeTarget section */
		5DC3641D22D56CD20078F2FC /* Easy Calculator */ = {
			isa = PBXNativeTarget;
			buildConfigurationList = 5DC3644622D56CD50078F2FC /* Build configuration list for PBXNativeTarget "Easy Calculator" */;
			buildPhases = (
				5DC3641A22D56CD20078F2FC /* Sources */,
				5DC3641B22D56CD20078F2FC /* Frameworks */,
				5DC3641C22D56CD20078F2FC /* Resources */,
			);
			buildRules = (
			);
			dependencies = (
			);
			name = "Easy Calculator";
			productName = "Easy Calculator";
			productReference = 5DC3641E22D56CD20078F2FC /* Easy Calculator.app */;
			productType = "com.apple.product-type.application";
		};
		5DC3643122D56CD40078F2FC /* Easy CalculatorTests */ = {
			isa = PBXNativeTarget;
			buildConfigurationList = 5DC3644922D56CD50078F2FC /* Build configuration list for PBXNativeTarget "Easy CalculatorTests" */;
			buildPhases = (
				5DC3642E22D56CD40078F2FC /* Sources */,
				5DC3642F22D56CD40078F2FC /* Frameworks */,
				5DC3643022D56CD40078F2FC /* Resources */,
			);
			buildRules = (
			);
			dependencies = (
				5DC3643422D56CD40078F2FC /* PBXTargetDependency */,
			);
			name = "Easy CalculatorTests";
			productName = "Easy CalculatorTests";
			productReference = 5DC3643222D56CD40078F2FC /* Easy CalculatorTests.xctest */;
			productType = "com.apple.product-type.bundle.unit-test";
		};
		5DC3643C22D56CD40078F2FC /* Easy CalculatorUITests */ = {
			isa = PBXNativeTarget;
			buildConfigurationList = 5DC3644C22D56CD50078F2FC /* Build configuration list for PBXNativeTarget "Easy CalculatorUITests" */;
			buildPhases = (
				5DC3643922D56CD40078F2FC /* Sources */,
				5DC3643A22D56CD40078F2FC /* Frameworks */,
				5DC3643B22D56CD40078F2FC /* Resources */,
			);
			buildRules = (
			);
			dependencies = (
				5DC3643F22D56CD40078F2FC /* PBXTargetDependency */,
			);
			name = "Easy CalculatorUITests";
			productName = "Easy CalculatorUITests";
			productReference = 5DC3643D22D56CD40078F2FC /* Easy CalculatorUITests.xctest */;
			productType = "com.apple.product-type.bundle.ui-testing";
		};
/* End PBXNativeTarget section */

/* Begin PBXProject section */
		5DC3641622D56CD20078F2FC /* Project object */ = {
			isa = PBXProject;
			attributes = {
				LastSwiftUpdateCheck = 1010;
				LastUpgradeCheck = 1010;
				ORGANIZATIONNAME = "TaeYoun Kim";
				TargetAttributes = {
					5DC3641D22D56CD20078F2FC = {
						CreatedOnToolsVersion = 10.1;
					};
					5DC3643122D56CD40078F2FC = {
						CreatedOnToolsVersion = 10.1;
						TestTargetID = 5DC3641D22D56CD20078F2FC;
					};
					5DC3643C22D56CD40078F2FC = {
						CreatedOnToolsVersion = 10.1;
						TestTargetID = 5DC3641D22D56CD20078F2FC;
					};
				};
			};
			buildConfigurationList = 5DC3641922D56CD20078F2FC /* Build configuration list for PBXProject "Easy Calculator" */;
			compatibilityVersion = "Xcode 9.3";
			developmentRegion = en;
			hasScannedForEncodings = 0;
			knownRegions = (
				en,
				Base,
			);
			mainGroup = 5DC3641522D56CD20078F2FC;
			productRefGroup = 5DC3641F22D56CD20078F2FC /* Products */;
			projectDirPath = "";
			projectRoot = "";
			targets = (
				5DC3641D22D56CD20078F2FC /* Easy Calculator */,
				5DC3643122D56CD40078F2FC /* Easy CalculatorTests */,
				5DC3643C22D56CD40078F2FC /* Easy CalculatorUITests */,
			);
		};
/* End PBXProject section */

/* Begin PBXResourcesBuildPhase section */
		5DC3641C22D56CD20078F2FC /* Resources */ = {
			isa = PBXResourcesBuildPhase;
			buildActionMask = 2147483647;
			files = (
				5DC3642C22D56CD40078F2FC /* LaunchScreen.storyboard in Resources */,
				5DC3642922D56CD40078F2FC /* Assets.xcassets in Resources */,
				5DC3642722D56CD20078F2FC /* Main.storyboard in Resources */,
			);
			runOnlyForDeploymentPostprocessing = 0;
		};
		5DC3643022D56CD40078F2FC /* Resources */ = {
			isa = PBXResourcesBuildPhase;
			buildActionMask = 2147483647;
			files = (
			);
			runOnlyForDeploymentPostprocessing = 0;
		};
		5DC3643B22D56CD40078F2FC /* Resources */ = {
			isa = PBXResourcesBuildPhase;
			buildActionMask = 2147483647;
			files = (
			);
			runOnlyForDeploymentPostprocessing = 0;
		};
/* End PBXResourcesBuildPhase section */

/* Begin PBXSourcesBuildPhase section */
		5DC3641A22D56CD20078F2FC /* Sources */ = {
			isa = PBXSourcesBuildPhase;
			buildActionMask = 2147483647;
			files = (
				5DC3642422D56CD20078F2FC /* ViewController.swift in Sources */,
				5DC3642222D56CD20078F2FC /* AppDelegate.swift in Sources */,
			);
			runOnlyForDeploymentPostprocessing = 0;
		};
		5DC3642E22D56CD40078F2FC /* Sources */ = {
			isa = PBXSourcesBuildPhase;
			buildActionMask = 2147483647;
			files = (
				5DC3643722D56CD40078F2FC /* Easy_CalculatorTests.swift in Sources */,
			);
			runOnlyForDeploymentPostprocessing = 0;
		};
		5DC3643922D56CD40078F2FC /* Sources */ = {
			isa = PBXSourcesBuildPhase;
			buildActionMask = 2147483647;
			files = (
				5DC3644222D56CD40078F2FC /* Easy_CalculatorUITests.swift in Sources */,
			);
			runOnlyForDeploymentPostprocessing = 0;
		};
/* End PBXSourcesBuildPhase section */

/* Begin PBXTargetDependency section */
		5DC3643422D56CD40078F2FC /* PBXTargetDependency */ = {
			isa = PBXTargetDependency;
			target = 5DC3641D22D56CD20078F2FC /* Easy Calculator */;
			targetProxy = 5DC3643322D56CD40078F2FC /* PBXContainerItemProxy */;
		};
		5DC3643F22D56CD40078F2FC /* PBXTargetDependency */ = {
			isa = PBXTargetDependency;
			target = 5DC3641D22D56CD20078F2FC /* Easy Calculator */;
			targetProxy = 5DC3643E22D56CD40078F2FC /* PBXContainerItemProxy */;
		};
/* End PBXTargetDependency section */

/* Begin PBXVariantGroup section */
		5DC3642522D56CD20078F2FC /* Main.storyboard */ = {
			isa = PBXVariantGroup;
			children = (
				5DC3642622D56CD20078F2FC /* Base */,
			);
			name = Main.storyboard;
			sourceTree = "<group>";
		};
		5DC3642A22D56CD40078F2FC /* LaunchScreen.storyboard */ = {
			isa = PBXVariantGroup;
			children = (
				5DC3642B22D56CD40078F2FC /* Base */,
			);
			name = LaunchScreen.storyboard;
			sourceTree = "<group>";
		};
/* End PBXVariantGroup section */

/* Begin XCBuildConfiguration section */
		5DC3644422D56CD50078F2FC /* Debug */ = {
			isa = XCBuildConfiguration;
			buildSettings = {
				ALWAYS_SEARCH_USER_PATHS = NO;
				CLANG_ANALYZER_NONNULL = YES;
				CLANG_ANALYZER_NUMBER_OBJECT_CONVERSION = YES_AGGRESSIVE;
				CLANG_CXX_LANGUAGE_STANDARD = "gnu++14";
				CLANG_CXX_LIBRARY = "libc++";
				CLANG_ENABLE_MODULES = YES;
				CLANG_ENABLE_OBJC_ARC = YES;
				CLANG_ENABLE_OBJC_WEAK = YES;
				CLANG_WARN_BLOCK_CAPTURE_AUTORELEASING = YES;
				CLANG_WARN_BOOL_CONVERSION = YES;
				CLANG_WARN_COMMA = YES;
				CLANG_WARN_CONSTANT_CONVERSION = YES;
				CLANG_WARN_DEPRECATED_OBJC_IMPLEMENTATIONS = YES;
				CLANG_WARN_DIRECT_OBJC_ISA_USAGE = YES_ERROR;
				CLANG_WARN_DOCUMENTATION_COMMENTS = YES;
				CLANG_WARN_EMPTY_BODY = YES;
				CLANG_WARN_ENUM_CONVERSION = YES;
				CLANG_WARN_INFINITE_RECURSION = YES;
				CLANG_WARN_INT_CONVERSION = YES;
				CLANG_WARN_NON_LITERAL_NULL_CONVERSION = YES;
				CLANG_WARN_OBJC_IMPLICIT_RETAIN_SELF = YES;
				CLANG_WARN_OBJC_LITERAL_CONVERSION = YES;
				CLANG_WARN_OBJC_ROOT_CLASS = YES_ERROR;
				CLANG_WARN_RANGE_LOOP_ANALYSIS = YES;
				CLANG_WARN_STRICT_PROTOTYPES = YES;
				CLANG_WARN_SUSPICIOUS_MOVE = YES;
				CLANG_WARN_UNGUARDED_AVAILABILITY = YES_AGGRESSIVE;
				CLANG_WARN_UNREACHABLE_CODE = YES;
				CLANG_WARN__DUPLICATE_METHOD_MATCH = YES;
				CODE_SIGN_IDENTITY = "iPhone Developer";
				COPY_PHASE_STRIP = NO;
				DEBUG_INFORMATION_FORMAT = dwarf;
				ENABLE_STRICT_OBJC_MSGSEND = YES;
				ENABLE_TESTABILITY = YES;
				GCC_C_LANGUAGE_STANDARD = gnu11;
				GCC_DYNAMIC_NO_PIC = NO;
				GCC_NO_COMMON_BLOCKS = YES;
				GCC_OPTIMIZATION_LEVEL = 0;
				GCC_PREPROCESSOR_DEFINITIONS = (
					"DEBUG=1",
					"$(inherited)",
				);
				GCC_WARN_64_TO_32_BIT_CONVERSION = YES;
				GCC_WARN_ABOUT_RETURN_TYPE = YES_ERROR;
				GCC_WARN_UNDECLARED_SELECTOR = YES;
				GCC_WARN_UNINITIALIZED_AUTOS = YES_AGGRESSIVE;
				GCC_WARN_UNUSED_FUNCTION = YES;
				GCC_WARN_UNUSED_VARIABLE = YES;
				IPHONEOS_DEPLOYMENT_TARGET = 12.1;
				MTL_ENABLE_DEBUG_INFO = INCLUDE_SOURCE;
				MTL_FAST_MATH = YES;
				ONLY_ACTIVE_ARCH = YES;
				SDKROOT = iphoneos;
				SWIFT_ACTIVE_COMPILATION_CONDITIONS = DEBUG;
				SWIFT_OPTIMIZATION_LEVEL = "-Onone";
			};
			name = Debug;
		};
		5DC3644522D56CD50078F2FC /* Release */ = {
			isa = XCBuildConfiguration;
			buildSettings = {
				ALWAYS_SEARCH_USER_PATHS = NO;
				CLANG_ANALYZER_NONNULL = YES;
				CLANG_ANALYZER_NUMBER_OBJECT_CONVERSION = YES_AGGRESSIVE;
				CLANG_CXX_LANGUAGE_STANDARD = "gnu++14";
				CLANG_CXX_LIBRARY = "libc++";
				CLANG_ENABLE_MODULES = YES;
				CLANG_ENABLE_OBJC_ARC = YES;
				CLANG_ENABLE_OBJC_WEAK = YES;
				CLANG_WARN_BLOCK_CAPTURE_AUTORELEASING = YES;
				CLANG_WARN_BOOL_CONVERSION = YES;
				CLANG_WARN_COMMA = YES;
				CLANG_WARN_CONSTANT_CONVERSION = YES;
				CLANG_WARN_DEPRECATED_OBJC_IMPLEMENTATIONS = YES;
				CLANG_WARN_DIRECT_OBJC_ISA_USAGE = YES_ERROR;
				CLANG_WARN_DOCUMENTATION_COMMENTS = YES;
				CLANG_WARN_EMPTY_BODY = YES;
				CLANG_WARN_ENUM_CONVERSION = YES;
				CLANG_WARN_INFINITE_RECURSION = YES;
				CLANG_WARN_INT_CONVERSION = YES;
				CLANG_WARN_NON_LITERAL_NULL_CONVERSION = YES;
				CLANG_WARN_OBJC_IMPLICIT_RETAIN_SELF = YES;
				CLANG_WARN_OBJC_LITERAL_CONVERSION = YES;
				CLANG_WARN_OBJC_ROOT_CLASS = YES_ERROR;
				CLANG_WARN_RANGE_LOOP_ANALYSIS = YES;
				CLANG_WARN_STRICT_PROTOTYPES = YES;
				CLANG_WARN_SUSPICIOUS_MOVE = YES;
				CLANG_WARN_UNGUARDED_AVAILABILITY = YES_AGGRESSIVE;
				CLANG_WARN_UNREACHABLE_CODE = YES;
				CLANG_WARN__DUPLICATE_METHOD_MATCH = YES;
				CODE_SIGN_IDENTITY = "iPhone Developer";
				COPY_PHASE_STRIP = NO;
				DEBUG_INFORMATION_FORMAT = "dwarf-with-dsym";
				ENABLE_NS_ASSERTIONS = NO;
				ENABLE_STRICT_OBJC_MSGSEND = YES;
				GCC_C_LANGUAGE_STANDARD = gnu11;
				GCC_NO_COMMON_BLOCKS = YES;
				GCC_WARN_64_TO_32_BIT_CONVERSION = YES;
				GCC_WARN_ABOUT_RETURN_TYPE = YES_ERROR;
				GCC_WARN_UNDECLARED_SELECTOR = YES;
				GCC_WARN_UNINITIALIZED_AUTOS = YES_AGGRESSIVE;
				GCC_WARN_UNUSED_FUNCTION = YES;
				GCC_WARN_UNUSED_VARIABLE = YES;
				IPHONEOS_DEPLOYMENT_TARGET = 12.1;
				MTL_ENABLE_DEBUG_INFO = NO;
				MTL_FAST_MATH = YES;
				SDKROOT = iphoneos;
				SWIFT_COMPILATION_MODE = wholemodule;
				SWIFT_OPTIMIZATION_LEVEL = "-O";
				VALIDATE_PRODUCT = YES;
			};
			name = Release;
		};
		5DC3644722D56CD50078F2FC /* Debug */ = {
			isa = XCBuildConfiguration;
			buildSettings = {
				ASSETCATALOG_COMPILER_APPICON_NAME = AppIcon;
				CODE_SIGN_STYLE = Automatic;
				INFOPLIST_FILE = "Easy Calculator/Info.plist";
				LD_RUNPATH_SEARCH_PATHS = (
					"$(inherited)",
					"@executable_path/Frameworks",
				);
				PRODUCT_BUNDLE_IDENTIFIER = "MONSTERMARE.Easy-Calculator";
				PRODUCT_NAME = "$(TARGET_NAME)";
				SWIFT_VERSION = 4.2;
				TARGETED_DEVICE_FAMILY = "1,2";
			};
			name = Debug;
		};
		5DC3644822D56CD50078F2FC /* Release */ = {
			isa = XCBuildConfiguration;
			buildSettings = {
				ASSETCATALOG_COMPILER_APPICON_NAME = AppIcon;
				CODE_SIGN_STYLE = Automatic;
				INFOPLIST_FILE = "Easy Calculator/Info.plist";
				LD_RUNPATH_SEARCH_PATHS = (
					"$(inherited)",
					"@executable_path/Frameworks",
				);
				PRODUCT_BUNDLE_IDENTIFIER = "MONSTERMARE.Easy-Calculator";
				PRODUCT_NAME = "$(TARGET_NAME)";
				SWIFT_VERSION = 4.2;
				TARGETED_DEVICE_FAMILY = "1,2";
			};
			name = Release;
		};
		5DC3644A22D56CD50078F2FC /* Debug */ = {
			isa = XCBuildConfiguration;
			buildSettings = {
				ALWAYS_EMBED_SWIFT_STANDARD_LIBRARIES = YES;
				BUNDLE_LOADER = "$(TEST_HOST)";
				CODE_SIGN_STYLE = Automatic;
				INFOPLIST_FILE = "Easy CalculatorTests/Info.plist";
				LD_RUNPATH_SEARCH_PATHS = (
					"$(inherited)",
					"@executable_path/Frameworks",
					"@loader_path/Frameworks",
				);
				PRODUCT_BUNDLE_IDENTIFIER = "MONSTERMARE.Easy-CalculatorTests";
				PRODUCT_NAME = "$(TARGET_NAME)";
				SWIFT_VERSION = 4.2;
				TARGETED_DEVICE_FAMILY = "1,2";
				TEST_HOST = "$(BUILT_PRODUCTS_DIR)/Easy Calculator.app/Easy Calculator";
			};
			name = Debug;
		};
		5DC3644B22D56CD50078F2FC /* Release */ = {
			isa = XCBuildConfiguration;
			buildSettings = {
				ALWAYS_EMBED_SWIFT_STANDARD_LIBRARIES = YES;
				BUNDLE_LOADER = "$(TEST_HOST)";
				CODE_SIGN_STYLE = Automatic;
				INFOPLIST_FILE = "Easy CalculatorTests/Info.plist";
				LD_RUNPATH_SEARCH_PATHS = (
					"$(inherited)",
					"@executable_path/Frameworks",
					"@loader_path/Frameworks",
				);
				PRODUCT_BUNDLE_IDENTIFIER = "MONSTERMARE.Easy-CalculatorTests";
				PRODUCT_NAME = "$(TARGET_NAME)";
				SWIFT_VERSION = 4.2;
				TARGETED_DEVICE_FAMILY = "1,2";
				TEST_HOST = "$(BUILT_PRODUCTS_DIR)/Easy Calculator.app/Easy Calculator";
			};
			name = Release;
		};
		5DC3644D22D56CD50078F2FC /* Debug */ = {
			isa = XCBuildConfiguration;
			buildSettings = {
				ALWAYS_EMBED_SWIFT_STANDARD_LIBRARIES = YES;
				CODE_SIGN_STYLE = Automatic;
				INFOPLIST_FILE = "Easy CalculatorUITests/Info.plist";
				LD_RUNPATH_SEARCH_PATHS = (
					"$(inherited)",
					"@executable_path/Frameworks",
					"@loader_path/Frameworks",
				);
				PRODUCT_BUNDLE_IDENTIFIER = "MONSTERMARE.Easy-CalculatorUITests";
				PRODUCT_NAME = "$(TARGET_NAME)";
				SWIFT_VERSION = 4.2;
				TARGETED_DEVICE_FAMILY = "1,2";
				TEST_TARGET_NAME = "Easy Calculator";
			};
			name = Debug;
		};
		5DC3644E22D56CD50078F2FC /* Release */ = {
			isa = XCBuildConfiguration;
			buildSettings = {
				ALWAYS_EMBED_SWIFT_STANDARD_LIBRARIES = YES;
				CODE_SIGN_STYLE = Automatic;
				INFOPLIST_FILE = "Easy CalculatorUITests/Info.plist";
				LD_RUNPATH_SEARCH_PATHS = (
					"$(inherited)",
					"@executable_path/Frameworks",
					"@loader_path/Frameworks",
				);
				PRODUCT_BUNDLE_IDENTIFIER = "MONSTERMARE.Easy-CalculatorUITests";
				PRODUCT_NAME = "$(TARGET_NAME)";
				SWIFT_VERSION = 4.2;
				TARGETED_DEVICE_FAMILY = "1,2";
				TEST_TARGET_NAME = "Easy Calculator";
			};
			name = Release;
		};
/* End XCBuildConfiguration section */

/* Begin XCConfigurationList section */
		5DC3641922D56CD20078F2FC /* Build configuration list for PBXProject "Easy Calculator" */ = {
			isa = XCConfigurationList;
			buildConfigurations = (
				5DC3644422D56CD50078F2FC /* Debug */,
				5DC3644522D56CD50078F2FC /* Release */,
			);
			defaultConfigurationIsVisible = 0;
			defaultConfigurationName = Release;
		};
		5DC3644622D56CD50078F2FC /* Build configuration list for PBXNativeTarget "Easy Calculator" */ = {
			isa = XCConfigurationList;
			buildConfigurations = (
				5DC3644722D56CD50078F2FC /* Debug */,
				5DC3644822D56CD50078F2FC /* Release */,
			);
			defaultConfigurationIsVisible = 0;
			defaultConfigurationName = Release;
		};
		5DC3644922D56CD50078F2FC /* Build configuration list for PBXNativeTarget "Easy CalculatorTests" */ = {
			isa = XCConfigurationList;
			buildConfigurations = (
				5DC3644A22D56CD50078F2FC /* Debug */,
				5DC3644B22D56CD50078F2FC /* Release */,
			);
			defaultConfigurationIsVisible = 0;
			defaultConfigurationName = Release;
		};
		5DC3644C22D56CD50078F2FC /* Build configuration list for PBXNativeTarget "Easy CalculatorUITests" */ = {
			isa = XCConfigurationList;
			buildConfigurations = (
				5DC3644D22D56CD50078F2FC /* Debug */,
				5DC3644E22D56CD50078F2FC /* Release */,
			);
			defaultConfigurationIsVisible = 0;
			defaultConfigurationName = Release;
		};
/* End XCConfigurationList section */
	};
	rootObject = 5DC3641622D56CD20078F2FC /* Project object */;
}
